
Microsoft Visual Studio Solution File, Format Version 12.00
# Visual Studio Version 17
VisualStudioVersion = 17.14.36603.0
MinimumVisualStudioVersion = 10.0.40219.1
Project("{FAE04EC0-301F-11D3-BF4B-00C04F79EFBC}") = "LogikBuilding", "LogikBuilding\LogikBuilding.csproj", "{29D72EEE-5AE9-4F0C-9CBB-132E10DEF576}"
EndProject
Project("{FAE04EC0-301F-11D3-BF4B-00C04F79EFBC}") = "GeeksForGeeksTest", "GeeksForGeeksTest\GeeksForGeeksTest.csproj", "{5E3F5289-11EE-4082-80A1-F23DC1A4D5D8}"
EndProject
Project("{FAE04EC0-301F-11D3-BF4B-00C04F79EFBC}") = "TwoPointers", "TwoPointers\TwoPointers.csproj", "{DD06519A-12F2-4627-9E1C-3DC0BC240740}"
EndProject
Project("{FAE04EC0-301F-11D3-BF4B-00C04F79EFBC}") = "ArrayProblems", "ArrayProblems\ArrayProblems.csproj", "{2578AEE8-2C2C-48BA-9FDC-D1F329C003AD}"
EndProject
Global
	GlobalSection(SolutionConfigurationPlatforms) = preSolution
		Debug|Any CPU = Debug|Any CPU
		Release|Any CPU = Release|Any CPU
	EndGlobalSection
	GlobalSection(ProjectConfigurationPlatforms) = postSolution
		{29D72EEE-5AE9-4F0C-9CBB-132E10DEF576}.Debug|Any CPU.ActiveCfg = Debug|Any CPU
		{29D72EEE-5AE9-4F0C-9CBB-132E10DEF576}.Debug|Any CPU.Build.0 = Debug|Any CPU
		{29D72EEE-5AE9-4F0C-9CBB-132E10DEF576}.Release|Any CPU.ActiveCfg = Release|Any CPU
		{29D72EEE-5AE9-4F0C-9CBB-132E10DEF576}.Release|Any CPU.Build.0 = Release|Any CPU
		{5E3F5289-11EE-4082-80A1-F23DC1A4D5D8}.Debug|Any CPU.ActiveCfg = Debug|Any CPU
		{5E3F5289-11EE-4082-80A1-F23DC1A4D5D8}.Debug|Any CPU.Build.0 = Debug|Any CPU
		{5E3F5289-11EE-4082-80A1-F23DC1A4D5D8}.Release|Any CPU.ActiveCfg = Release|Any CPU
		{5E3F5289-11EE-4082-80A1-F23DC1A4D5D8}.Release|Any CPU.Build.0 = Release|Any CPU
		{DD06519A-12F2-4627-9E1C-3DC0BC240740}.Debug|Any CPU.ActiveCfg = Debug|Any CPU
		{DD06519A-12F2-4627-9E1C-3DC0BC240740}.Debug|Any CPU.Build.0 = Debug|Any CPU
		{DD06519A-12F2-4627-9E1C-3DC0BC240740}.Release|Any CPU.ActiveCfg = Release|Any CPU
		{DD06519A-12F2-4627-9E1C-3DC0BC240740}.Release|Any CPU.Build.0 = Release|Any CPU
		{2578AEE8-2C2C-48BA-9FDC-D1F329C003AD}.Debug|Any CPU.ActiveCfg = Debug|Any CPU
		{2578AEE8-2C2C-48BA-9FDC-D1F329C003AD}.Debug|Any CPU.Build.0 = Debug|Any CPU
		{2578AEE8-2C2C-48BA-9FDC-D1F329C003AD}.Release|Any CPU.ActiveCfg = Release|Any CPU
		{2578AEE8-2C2C-48BA-9FDC-D1F329C003AD}.Release|Any CPU.Build.0 = Release|Any CPU
	EndGlobalSection
	GlobalSection(SolutionProperties) = preSolution
		HideSolutionNode = FALSE
	EndGlobalSection
	GlobalSection(ExtensibilityGlobals) = postSolution
		SolutionGuid = {E7334B31-8412-4A72-82D0-44E4095447D4}
	EndGlobalSection
EndGlobal
